{
  "name": "xliff-validation",
  "version": "1.0.0",
  "lockfileVersion": 3,
  "requires": true,
  "packages": {
    "": {
      "name": "xliff-validation",
      "version": "1.0.0",
      "license": "EPL-1.0",
      "dependencies": {
        "typesxliff": "^0.6.0",
        "typesxml": "^2.1.0"
      },
      "devDependencies": {
        "@types/node": "^24.12.2",
        "typescript": "^6.0.3"
      }
    },
    "node_modules/@types/node": {
      "version": "24.12.4",
      "resolved": "https://registry.npmjs.org/@types/node/-/node-24.12.4.tgz",
      "integrity": "sha512-GUUEShf+PBCGW2KaXwcIt3Yk+e3pkKwWKb9GSyM9WQVE+ep2jzmHdGsHzu4wgcZy5fN9FBdVzjpBQsYlpfpgLA==",
      "dev": true,
      "license": "MIT",
      "dependencies": {
        "undici-types": "~7.16.0"
      }
    },
    "node_modules/typesbcp47": {
      "version": "1.23.0",
      "resolved": "https://registry.npmjs.org/typesbcp47/-/typesbcp47-1.23.0.tgz",
      "integrity": "sha512-GLhewtV/UFLIMYS3arg+ndcuuvsXqBt6EqeREJva+w09zZFc94SOS6LgvOJOmHfjhftwcFU+Gfql1ZUsL6j/wQ==",
      "license": "EPL-1.0",
      "dependencies": {
        "typesxml": "^2.1.0"
      }
    },
    "node_modules/typescript": {
      "version": "6.0.3",
      "resolved": "https://registry.npmjs.org/typescript/-/typescript-6.0.3.tgz",
      "integrity": "sha512-y2TvuxSZPDyQakkFRPZHKFm+KKVqIisdg9/CZwm9ftvKXLP8NRWj38/ODjNbr43SsoXqNuAisEf1GdCxqWcdBw==",
      "dev": true,
      "license": "Apache-2.0",
      "bin": {
        "tsc": "bin/tsc",
        "tsserver": "bin/tsserver"
      },
      "engines": {
        "node": ">=14.17"
      }
    },
    "node_modules/typesxliff": {
      "version": "0.6.0",
      "resolved": "https://registry.npmjs.org/typesxliff/-/typesxliff-0.6.0.tgz",
      "integrity": "sha512-qkEgOEfdpGSWLxET2fVQBgcH2eMVUzh9wE1RyKilOAKwqPBN97loSxF9b3rFdZoPOlNgKkq76tuqbus//di9sg==",
      "license": "EPL-1.0",
      "dependencies": {
        "typesbcp47": "^1.23.0",
        "typesxml": "^2.1.0"
      },
      "engines": {
        "node": ">=24.14.0"
      }
    },
    "node_modules/typesxml": {
      "version": "2.1.0",
      "resolved": "https://registry.npmjs.org/typesxml/-/typesxml-2.1.0.tgz",
      "integrity": "sha512-15spAEtuUs3L8of+5pIRTolqM4VewGdlC8/WDwtksu19p+2ufA+dPW7ApgedRDSAvE12/9Wa2qHGcBYBdXVlOQ==",
      "license": "EPL-1.0"
    },
    "node_modules/undici-types": {
      "version": "7.16.0",
      "resolved": "https://registry.npmjs.org/undici-types/-/undici-types-7.16.0.tgz",
      "integrity": "sha512-Zz+aZWSj8LE6zoxD+xrjh4VfkIG8Ya6LvYkZqtUQGJPZjYl53ypCaUwWqo7eI0x66KBGeRo+mlBEkMSeSZ38Nw==",
      "dev": true,
      "license": "MIT"
    }
  }
}
