{
  "name": "xliff-validation",
  "version": "1.3.0",
  "lockfileVersion": 3,
  "requires": true,
  "packages": {
    "": {
      "name": "xliff-validation",
      "version": "1.3.0",
      "hasInstallScript": true,
      "license": "EPL-1.0",
      "dependencies": {
        "typesxliff": "^1.1.0",
        "typesxml": "^2.2.0"
      },
      "bin": {
        "xliffvalidator": "dist/xliffvalidator.js"
      },
      "devDependencies": {
        "@types/node": "^24.13.0",
        "typescript": "^6.0.3"
      }
    },
    "node_modules/@types/node": {
      "version": "24.13.0",
      "resolved": "https://registry.npmjs.org/@types/node/-/node-24.13.0.tgz",
      "integrity": "sha512-5vtOqGQr4NJKeEzV441FcOi2MeG9UTWq9LqVLGneDdu4vlX17H8kQ2PA2UmNwCUGPVDj4oBjNhS7ReVEIWJJrg==",
      "dev": true,
      "license": "MIT",
      "dependencies": {
        "undici-types": "~7.18.0"
      }
    },
    "node_modules/typesbcp47": {
      "version": "1.24.0",
      "resolved": "https://registry.npmjs.org/typesbcp47/-/typesbcp47-1.24.0.tgz",
      "integrity": "sha512-1mIkqcG3plyxaFuMoZme6TnOrWNVOwDQ24traQ9PghN7bc+QtKYOExRxSrJlsTkTz6pdXaX0cZmSUuSvXp02Lg==",
      "license": "EPL-1.0",
      "dependencies": {
        "typesxml": "^2.2.0"
      }
    },
    "node_modules/typescript": {
      "version": "6.0.3",
      "resolved": "https://registry.npmjs.org/typescript/-/typescript-6.0.3.tgz",
      "integrity": "sha512-y2TvuxSZPDyQakkFRPZHKFm+KKVqIisdg9/CZwm9ftvKXLP8NRWj38/ODjNbr43SsoXqNuAisEf1GdCxqWcdBw==",
      "dev": true,
      "license": "Apache-2.0",
      "bin": {
        "tsc": "bin/tsc",
        "tsserver": "bin/tsserver"
      },
      "engines": {
        "node": ">=14.17"
      }
    },
    "node_modules/typesxliff": {
      "version": "1.1.0",
      "resolved": "https://registry.npmjs.org/typesxliff/-/typesxliff-1.1.0.tgz",
      "integrity": "sha512-FZz4455uokp646gWGUamaF7/mTXw51JJOvRjECEVcgxdJh5PQi0uveZOBYQrpMfAcxoo8xq01Uc6gGqHGENUCg==",
      "license": "EPL-1.0",
      "dependencies": {
        "typesbcp47": "^1.24.0",
        "typesxml": "^2.2.0"
      },
      "engines": {
        "node": ">=24.14.0"
      }
    },
    "node_modules/typesxml": {
      "version": "2.2.0",
      "resolved": "https://registry.npmjs.org/typesxml/-/typesxml-2.2.0.tgz",
      "integrity": "sha512-WF8o0qQ601XBkRmapbYO4Uz/24DPYJYemkke/7lljOpEhCfWocXRg1jY4z1EezdXbOfhS8ikl6fXN/zGVJk9og==",
      "license": "EPL-1.0"
    },
    "node_modules/undici-types": {
      "version": "7.18.2",
      "resolved": "https://registry.npmjs.org/undici-types/-/undici-types-7.18.2.tgz",
      "integrity": "sha512-AsuCzffGHJybSaRrmr5eHr81mwJU3kjw6M+uprWvCXiNeN9SOGwQ3Jn8jb8m3Z6izVgknn1R0FTCEAP2QrLY/w==",
      "dev": true,
      "license": "MIT"
    }
  }
}
